
Microsoft Visual Studio Solution File, Format Version 12.00
# Visual Studio Version 17
VisualStudioVersion = 17.0.31903.59
MinimumVisualStudioVersion = 10.0.40219.1
Project("{2150E333-8FDC-42A3-9474-1A3956D46DE8}") = "src", "src", "{827E0CD3-B72D-47B6-A68D-7590B98EB39B}"
EndProject
Project("{FAE04EC0-301F-11D3-BF4B-00C04F79EFBC}") = "Orders.Domain", "src\Orders.Domain\Orders.Domain.csproj", "{4BF191AE-E7A0-4009-99FD-10C44945E89C}"
EndProject
Project("{FAE04EC0-301F-11D3-BF4B-00C04F79EFBC}") = "Orders.Application", "src\Orders.Application\Orders.Application.csproj", "{04642A01-ACA6-480B-B5B3-6C284B925493}"
EndProject
Project("{FAE04EC0-301F-11D3-BF4B-00C04F79EFBC}") = "Orders.Infrastructure", "src\Orders.Infrastructure\Orders.Infrastructure.csproj", "{6FD69F7A-F8ED-4035-863A-615853C1A627}"
EndProject
Project("{FAE04EC0-301F-11D3-BF4B-00C04F79EFBC}") = "Contracts", "src\Contracts\Contracts.csproj", "{AC6C31D7-0904-4722-8AEA-CDEF7C54E460}"
EndProject
Project("{FAE04EC0-301F-11D3-BF4B-00C04F79EFBC}") = "Orders.Api", "src\Orders.Api\Orders.Api.csproj", "{4A40BDF1-D744-4CE8-BD98-52D97DF1B3F7}"
EndProject
Project("{FAE04EC0-301F-11D3-BF4B-00C04F79EFBC}") = "Orders.Worker", "src\Orders.Worker\Orders.Worker.csproj", "{F3596AC5-15FE-41E2-A66C-A580D824CD09}"
EndProject
Global
	GlobalSection(SolutionConfigurationPlatforms) = preSolution
		Debug|Any CPU = Debug|Any CPU
		Debug|x64 = Debug|x64
		Debug|x86 = Debug|x86
		Release|Any CPU = Release|Any CPU
		Release|x64 = Release|x64
		Release|x86 = Release|x86
	EndGlobalSection
	GlobalSection(ProjectConfigurationPlatforms) = postSolution
		{4BF191AE-E7A0-4009-99FD-10C44945E89C}.Debug|Any CPU.ActiveCfg = Debug|Any CPU
		{4BF191AE-E7A0-4009-99FD-10C44945E89C}.Debug|Any CPU.Build.0 = Debug|Any CPU
		{4BF191AE-E7A0-4009-99FD-10C44945E89C}.Debug|x64.ActiveCfg = Debug|Any CPU
		{4BF191AE-E7A0-4009-99FD-10C44945E89C}.Debug|x64.Build.0 = Debug|Any CPU
		{4BF191AE-E7A0-4009-99FD-10C44945E89C}.Debug|x86.ActiveCfg = Debug|Any CPU
		{4BF191AE-E7A0-4009-99FD-10C44945E89C}.Debug|x86.Build.0 = Debug|Any CPU
		{4BF191AE-E7A0-4009-99FD-10C44945E89C}.Release|Any CPU.ActiveCfg = Release|Any CPU
		{4BF191AE-E7A0-4009-99FD-10C44945E89C}.Release|Any CPU.Build.0 = Release|Any CPU
		{4BF191AE-E7A0-4009-99FD-10C44945E89C}.Release|x64.ActiveCfg = Release|Any CPU
		{4BF191AE-E7A0-4009-99FD-10C44945E89C}.Release|x64.Build.0 = Release|Any CPU
		{4BF191AE-E7A0-4009-99FD-10C44945E89C}.Release|x86.ActiveCfg = Release|Any CPU
		{4BF191AE-E7A0-4009-99FD-10C44945E89C}.Release|x86.Build.0 = Release|Any CPU
		{04642A01-ACA6-480B-B5B3-6C284B925493}.Debug|Any CPU.ActiveCfg = Debug|Any CPU
		{04642A01-ACA6-480B-B5B3-6C284B925493}.Debug|Any CPU.Build.0 = Debug|Any CPU
		{04642A01-ACA6-480B-B5B3-6C284B925493}.Debug|x64.ActiveCfg = Debug|Any CPU
		{04642A01-ACA6-480B-B5B3-6C284B925493}.Debug|x64.Build.0 = Debug|Any CPU
		{04642A01-ACA6-480B-B5B3-6C284B925493}.Debug|x86.ActiveCfg = Debug|Any CPU
		{04642A01-ACA6-480B-B5B3-6C284B925493}.Debug|x86.Build.0 = Debug|Any CPU
		{04642A01-ACA6-480B-B5B3-6C284B925493}.Release|Any CPU.ActiveCfg = Release|Any CPU
		{04642A01-ACA6-480B-B5B3-6C284B925493}.Release|Any CPU.Build.0 = Release|Any CPU
		{04642A01-ACA6-480B-B5B3-6C284B925493}.Release|x64.ActiveCfg = Release|Any CPU
		{04642A01-ACA6-480B-B5B3-6C284B925493}.Release|x64.Build.0 = Release|Any CPU
		{04642A01-ACA6-480B-B5B3-6C284B925493}.Release|x86.ActiveCfg = Release|Any CPU
		{04642A01-ACA6-480B-B5B3-6C284B925493}.Release|x86.Build.0 = Release|Any CPU
		{6FD69F7A-F8ED-4035-863A-615853C1A627}.Debug|Any CPU.ActiveCfg = Debug|Any CPU
		{6FD69F7A-F8ED-4035-863A-615853C1A627}.Debug|Any CPU.Build.0 = Debug|Any CPU
		{6FD69F7A-F8ED-4035-863A-615853C1A627}.Debug|x64.ActiveCfg = Debug|Any CPU
		{6FD69F7A-F8ED-4035-863A-615853C1A627}.Debug|x64.Build.0 = Debug|Any CPU
		{6FD69F7A-F8ED-4035-863A-615853C1A627}.Debug|x86.ActiveCfg = Debug|Any CPU
		{6FD69F7A-F8ED-4035-863A-615853C1A627}.Debug|x86.Build.0 = Debug|Any CPU
		{6FD69F7A-F8ED-4035-863A-615853C1A627}.Release|Any CPU.ActiveCfg = Release|Any CPU
		{6FD69F7A-F8ED-4035-863A-615853C1A627}.Release|Any CPU.Build.0 = Release|Any CPU
		{6FD69F7A-F8ED-4035-863A-615853C1A627}.Release|x64.ActiveCfg = Release|Any CPU
		{6FD69F7A-F8ED-4035-863A-615853C1A627}.Release|x64.Build.0 = Release|Any CPU
		{6FD69F7A-F8ED-4035-863A-615853C1A627}.Release|x86.ActiveCfg = Release|Any CPU
		{6FD69F7A-F8ED-4035-863A-615853C1A627}.Release|x86.Build.0 = Release|Any CPU
		{AC6C31D7-0904-4722-8AEA-CDEF7C54E460}.Debug|Any CPU.ActiveCfg = Debug|Any CPU
		{AC6C31D7-0904-4722-8AEA-CDEF7C54E460}.Debug|Any CPU.Build.0 = Debug|Any CPU
		{AC6C31D7-0904-4722-8AEA-CDEF7C54E460}.Debug|x64.ActiveCfg = Debug|Any CPU
		{AC6C31D7-0904-4722-8AEA-CDEF7C54E460}.Debug|x64.Build.0 = Debug|Any CPU
		{AC6C31D7-0904-4722-8AEA-CDEF7C54E460}.Debug|x86.ActiveCfg = Debug|Any CPU
		{AC6C31D7-0904-4722-8AEA-CDEF7C54E460}.Debug|x86.Build.0 = Debug|Any CPU
		{AC6C31D7-0904-4722-8AEA-CDEF7C54E460}.Release|Any CPU.ActiveCfg = Release|Any CPU
		{AC6C31D7-0904-4722-8AEA-CDEF7C54E460}.Release|Any CPU.Build.0 = Release|Any CPU
		{AC6C31D7-0904-4722-8AEA-CDEF7C54E460}.Release|x64.ActiveCfg = Release|Any CPU
		{AC6C31D7-0904-4722-8AEA-CDEF7C54E460}.Release|x64.Build.0 = Release|Any CPU
		{AC6C31D7-0904-4722-8AEA-CDEF7C54E460}.Release|x86.ActiveCfg = Release|Any CPU
		{AC6C31D7-0904-4722-8AEA-CDEF7C54E460}.Release|x86.Build.0 = Release|Any CPU
		{4A40BDF1-D744-4CE8-BD98-52D97DF1B3F7}.Debug|Any CPU.ActiveCfg = Debug|Any CPU
		{4A40BDF1-D744-4CE8-BD98-52D97DF1B3F7}.Debug|Any CPU.Build.0 = Debug|Any CPU
		{4A40BDF1-D744-4CE8-BD98-52D97DF1B3F7}.Debug|x64.ActiveCfg = Debug|Any CPU
		{4A40BDF1-D744-4CE8-BD98-52D97DF1B3F7}.Debug|x64.Build.0 = Debug|Any CPU
		{4A40BDF1-D744-4CE8-BD98-52D97DF1B3F7}.Debug|x86.ActiveCfg = Debug|Any CPU
		{4A40BDF1-D744-4CE8-BD98-52D97DF1B3F7}.Debug|x86.Build.0 = Debug|Any CPU
		{4A40BDF1-D744-4CE8-BD98-52D97DF1B3F7}.Release|Any CPU.ActiveCfg = Release|Any CPU
		{4A40BDF1-D744-4CE8-BD98-52D97DF1B3F7}.Release|Any CPU.Build.0 = Release|Any CPU
		{4A40BDF1-D744-4CE8-BD98-52D97DF1B3F7}.Release|x64.ActiveCfg = Release|Any CPU
		{4A40BDF1-D744-4CE8-BD98-52D97DF1B3F7}.Release|x64.Build.0 = Release|Any CPU
		{4A40BDF1-D744-4CE8-BD98-52D97DF1B3F7}.Release|x86.ActiveCfg = Release|Any CPU
		{4A40BDF1-D744-4CE8-BD98-52D97DF1B3F7}.Release|x86.Build.0 = Release|Any CPU
		{F3596AC5-15FE-41E2-A66C-A580D824CD09}.Debug|Any CPU.ActiveCfg = Debug|Any CPU
		{F3596AC5-15FE-41E2-A66C-A580D824CD09}.Debug|Any CPU.Build.0 = Debug|Any CPU
		{F3596AC5-15FE-41E2-A66C-A580D824CD09}.Debug|x64.ActiveCfg = Debug|Any CPU
		{F3596AC5-15FE-41E2-A66C-A580D824CD09}.Debug|x64.Build.0 = Debug|Any CPU
		{F3596AC5-15FE-41E2-A66C-A580D824CD09}.Debug|x86.ActiveCfg = Debug|Any CPU
		{F3596AC5-15FE-41E2-A66C-A580D824CD09}.Debug|x86.Build.0 = Debug|Any CPU
		{F3596AC5-15FE-41E2-A66C-A580D824CD09}.Release|Any CPU.ActiveCfg = Release|Any CPU
		{F3596AC5-15FE-41E2-A66C-A580D824CD09}.Release|Any CPU.Build.0 = Release|Any CPU
		{F3596AC5-15FE-41E2-A66C-A580D824CD09}.Release|x64.ActiveCfg = Release|Any CPU
		{F3596AC5-15FE-41E2-A66C-A580D824CD09}.Release|x64.Build.0 = Release|Any CPU
		{F3596AC5-15FE-41E2-A66C-A580D824CD09}.Release|x86.ActiveCfg = Release|Any CPU
		{F3596AC5-15FE-41E2-A66C-A580D824CD09}.Release|x86.Build.0 = Release|Any CPU
	EndGlobalSection
	GlobalSection(SolutionProperties) = preSolution
		HideSolutionNode = FALSE
	EndGlobalSection
	GlobalSection(NestedProjects) = preSolution
		{4BF191AE-E7A0-4009-99FD-10C44945E89C} = {827E0CD3-B72D-47B6-A68D-7590B98EB39B}
		{04642A01-ACA6-480B-B5B3-6C284B925493} = {827E0CD3-B72D-47B6-A68D-7590B98EB39B}
		{6FD69F7A-F8ED-4035-863A-615853C1A627} = {827E0CD3-B72D-47B6-A68D-7590B98EB39B}
		{AC6C31D7-0904-4722-8AEA-CDEF7C54E460} = {827E0CD3-B72D-47B6-A68D-7590B98EB39B}
		{4A40BDF1-D744-4CE8-BD98-52D97DF1B3F7} = {827E0CD3-B72D-47B6-A68D-7590B98EB39B}
		{F3596AC5-15FE-41E2-A66C-A580D824CD09} = {827E0CD3-B72D-47B6-A68D-7590B98EB39B}
	EndGlobalSection
EndGlobal
